
Microsoft Visual Studio Solution File, Format Version 12.00
# Visual Studio Version 17
VisualStudioVersion = 17.7.34024.191
MinimumVisualStudioVersion = 10.0.40219.1
Project("{9A19103F-16F7-4668-BE54-9A1E7A4F7556}") = "CLIENT HUB", "CLIENT HUB\CLIENT HUB.csproj", "{A53E03C9-45BF-4083-B84B-2CACFA45187B}"
EndProject
Global
	GlobalSection(SolutionConfigurationPlatforms) = preSolution
		Debug|Any CPU = Debug|Any CPU
		Release|Any CPU = Release|Any CPU
	EndGlobalSection
	GlobalSection(ProjectConfigurationPlatforms) = postSolution
		{A53E03C9-45BF-4083-B84B-2CACFA45187B}.Debug|Any CPU.ActiveCfg = Debug|Any CPU
		{A53E03C9-45BF-4083-B84B-2CACFA45187B}.Debug|Any CPU.Build.0 = Debug|Any CPU
		{A53E03C9-45BF-4083-B84B-2CACFA45187B}.Release|Any CPU.ActiveCfg = Release|Any CPU
		{A53E03C9-45BF-4083-B84B-2CACFA45187B}.Release|Any CPU.Build.0 = Release|Any CPU
	EndGlobalSection
	GlobalSection(SolutionProperties) = preSolution
		HideSolutionNode = FALSE
	EndGlobalSection
	GlobalSection(ExtensibilityGlobals) = postSolution
		SolutionGuid = {126B9071-A3B4-4FC0-A19C-796429187CD7}
	EndGlobalSection
EndGlobal
